
Microsoft Visual Studio Solution File, Format Version 12.00
# Visual Studio Version 17
VisualStudioVersion = 17.8.34330.188
MinimumVisualStudioVersion = 10.0.40219.1
Project("{2150E333-8FDC-42A3-9474-1A3956D46DE8}") = "Services", "Services", "{FBD6B809-EAE1-4E25-9E2F-6100514D9F5A}"
EndProject
Project("{2150E333-8FDC-42A3-9474-1A3956D46DE8}") = "Catalog", "Catalog", "{8FD990BE-3E8F-440C-B854-526CCD815652}"
EndProject
Project("{2150E333-8FDC-42A3-9474-1A3956D46DE8}") = "GatewayAPI", "GatewayAPI", "{6A704359-E9FD-4FCF-819E-D396222745CB}"
EndProject
Project("{9A19103F-16F7-4668-BE54-9A1E7A4F7556}") = "CatalogAPI", "Services\Catalog\CatalogAPI\CatalogAPI.csproj", "{22ABBF39-85DA-44AD-8AA7-A5A4D41C7A92}"
EndProject
Project("{2150E333-8FDC-42A3-9474-1A3956D46DE8}") = "BuildingBlocks", "BuildingBlocks", "{E2971EF9-BF9E-4C14-ABAD-E3FAF8BC0F73}"
	ProjectSection(SolutionItems) = preProject
		cmdread.txt = cmdread.txt
	EndProjectSection
EndProject
Project("{9A19103F-16F7-4668-BE54-9A1E7A4F7556}") = "BuildingBlocks", "BuildingBlocks\BuildingBlocks\BuildingBlocks.csproj", "{18CEDBE5-EFA1-4FBC-9863-20204FFBB00B}"
EndProject
Project("{E53339B2-1760-4266-BCC7-CA923CBCF16C}") = "docker-compose", "docker-compose.dcproj", "{EC499727-7C68-4AB4-82E2-87A9522A0AF1}"
EndProject
Project("{2150E333-8FDC-42A3-9474-1A3956D46DE8}") = "Solution Items", "Solution Items", "{AC791AA6-F19D-4A5E-80C8-249A346B3690}"
	ProjectSection(SolutionItems) = preProject
		Notes.text = Notes.text
	EndProjectSection
EndProject
Project("{2150E333-8FDC-42A3-9474-1A3956D46DE8}") = "Basket", "Basket", "{4BA1EAE1-42A4-4FA1-B5DC-6E1F0C3DE5CF}"
EndProject
Project("{9A19103F-16F7-4668-BE54-9A1E7A4F7556}") = "Basket.API", "Services\Basket\Basket.API\Basket.API.csproj", "{43E353C8-23F3-430E-BDF4-26F9AD334CAC}"
EndProject
Project("{2150E333-8FDC-42A3-9474-1A3956D46DE8}") = "Discount", "Discount", "{8EBEFBFA-4BE6-4C21-8AF5-CA4A7D677F06}"
EndProject
Project("{9A19103F-16F7-4668-BE54-9A1E7A4F7556}") = "Discount.Grpc", "Services\Discount\Discount.Grpc\Discount.Grpc.csproj", "{401BE961-636D-4057-9ED5-5D5AD67B95FB}"
EndProject
Project("{2150E333-8FDC-42A3-9474-1A3956D46DE8}") = "Ordering", "Ordering", "{84D804E9-9913-4E5E-A111-9C65EC4539BF}"
EndProject
Project("{9A19103F-16F7-4668-BE54-9A1E7A4F7556}") = "Ordering.API", "Services\Ordering\Ordering.API\Ordering.API.csproj", "{E8541FDC-85FB-4ED9-BBD3-3337DEB41EFE}"
EndProject
Project("{2150E333-8FDC-42A3-9474-1A3956D46DE8}") = "NewFolder1", "NewFolder1", "{12AE97A7-C63D-49E7-BA87-D0C145C93394}"
EndProject
Project("{FAE04EC0-301F-11D3-BF4B-00C04F79EFBC}") = "Ordering.Domain", "Services\Ordering\Ordering.Domain\Ordering.Domain.csproj", "{1602CCC5-E446-46B7-B26B-E93130F49D8D}"
EndProject
Project("{FAE04EC0-301F-11D3-BF4B-00C04F79EFBC}") = "Ordering.Application", "Services\Ordering\Ordering.Application\Ordering.Application.csproj", "{D054B18F-F962-4936-8476-02C57B33807E}"
EndProject
Project("{FAE04EC0-301F-11D3-BF4B-00C04F79EFBC}") = "Ordering.Infrastructure", "Services\Ordering\Ordering.Infrastructure\Ordering.Infrastructure.csproj", "{18C76DCF-84D6-484E-BB5D-2E917644102F}"
EndProject
Global
	GlobalSection(SolutionConfigurationPlatforms) = preSolution
		Debug|Any CPU = Debug|Any CPU
		Release|Any CPU = Release|Any CPU
	EndGlobalSection
	GlobalSection(ProjectConfigurationPlatforms) = postSolution
		{22ABBF39-85DA-44AD-8AA7-A5A4D41C7A92}.Debug|Any CPU.ActiveCfg = Debug|Any CPU
		{22ABBF39-85DA-44AD-8AA7-A5A4D41C7A92}.Debug|Any CPU.Build.0 = Debug|Any CPU
		{22ABBF39-85DA-44AD-8AA7-A5A4D41C7A92}.Release|Any CPU.ActiveCfg = Release|Any CPU
		{22ABBF39-85DA-44AD-8AA7-A5A4D41C7A92}.Release|Any CPU.Build.0 = Release|Any CPU
		{18CEDBE5-EFA1-4FBC-9863-20204FFBB00B}.Debug|Any CPU.ActiveCfg = Debug|Any CPU
		{18CEDBE5-EFA1-4FBC-9863-20204FFBB00B}.Debug|Any CPU.Build.0 = Debug|Any CPU
		{18CEDBE5-EFA1-4FBC-9863-20204FFBB00B}.Release|Any CPU.ActiveCfg = Release|Any CPU
		{18CEDBE5-EFA1-4FBC-9863-20204FFBB00B}.Release|Any CPU.Build.0 = Release|Any CPU
		{EC499727-7C68-4AB4-82E2-87A9522A0AF1}.Debug|Any CPU.ActiveCfg = Debug|Any CPU
		{EC499727-7C68-4AB4-82E2-87A9522A0AF1}.Debug|Any CPU.Build.0 = Debug|Any CPU
		{EC499727-7C68-4AB4-82E2-87A9522A0AF1}.Release|Any CPU.ActiveCfg = Release|Any CPU
		{EC499727-7C68-4AB4-82E2-87A9522A0AF1}.Release|Any CPU.Build.0 = Release|Any CPU
		{43E353C8-23F3-430E-BDF4-26F9AD334CAC}.Debug|Any CPU.ActiveCfg = Debug|Any CPU
		{43E353C8-23F3-430E-BDF4-26F9AD334CAC}.Debug|Any CPU.Build.0 = Debug|Any CPU
		{43E353C8-23F3-430E-BDF4-26F9AD334CAC}.Release|Any CPU.ActiveCfg = Release|Any CPU
		{43E353C8-23F3-430E-BDF4-26F9AD334CAC}.Release|Any CPU.Build.0 = Release|Any CPU
		{401BE961-636D-4057-9ED5-5D5AD67B95FB}.Debug|Any CPU.ActiveCfg = Debug|Any CPU
		{401BE961-636D-4057-9ED5-5D5AD67B95FB}.Debug|Any CPU.Build.0 = Debug|Any CPU
		{401BE961-636D-4057-9ED5-5D5AD67B95FB}.Release|Any CPU.ActiveCfg = Release|Any CPU
		{401BE961-636D-4057-9ED5-5D5AD67B95FB}.Release|Any CPU.Build.0 = Release|Any CPU
		{E8541FDC-85FB-4ED9-BBD3-3337DEB41EFE}.Debug|Any CPU.ActiveCfg = Debug|Any CPU
		{E8541FDC-85FB-4ED9-BBD3-3337DEB41EFE}.Debug|Any CPU.Build.0 = Debug|Any CPU
		{E8541FDC-85FB-4ED9-BBD3-3337DEB41EFE}.Release|Any CPU.ActiveCfg = Release|Any CPU
		{E8541FDC-85FB-4ED9-BBD3-3337DEB41EFE}.Release|Any CPU.Build.0 = Release|Any CPU
		{1602CCC5-E446-46B7-B26B-E93130F49D8D}.Debug|Any CPU.ActiveCfg = Debug|Any CPU
		{1602CCC5-E446-46B7-B26B-E93130F49D8D}.Debug|Any CPU.Build.0 = Debug|Any CPU
		{1602CCC5-E446-46B7-B26B-E93130F49D8D}.Release|Any CPU.ActiveCfg = Release|Any CPU
		{1602CCC5-E446-46B7-B26B-E93130F49D8D}.Release|Any CPU.Build.0 = Release|Any CPU
		{D054B18F-F962-4936-8476-02C57B33807E}.Debug|Any CPU.ActiveCfg = Debug|Any CPU
		{D054B18F-F962-4936-8476-02C57B33807E}.Debug|Any CPU.Build.0 = Debug|Any CPU
		{D054B18F-F962-4936-8476-02C57B33807E}.Release|Any CPU.ActiveCfg = Release|Any CPU
		{D054B18F-F962-4936-8476-02C57B33807E}.Release|Any CPU.Build.0 = Release|Any CPU
		{18C76DCF-84D6-484E-BB5D-2E917644102F}.Debug|Any CPU.ActiveCfg = Debug|Any CPU
		{18C76DCF-84D6-484E-BB5D-2E917644102F}.Debug|Any CPU.Build.0 = Debug|Any CPU
		{18C76DCF-84D6-484E-BB5D-2E917644102F}.Release|Any CPU.ActiveCfg = Release|Any CPU
		{18C76DCF-84D6-484E-BB5D-2E917644102F}.Release|Any CPU.Build.0 = Release|Any CPU
	EndGlobalSection
	GlobalSection(SolutionProperties) = preSolution
		HideSolutionNode = FALSE
	EndGlobalSection
	GlobalSection(NestedProjects) = preSolution
		{8FD990BE-3E8F-440C-B854-526CCD815652} = {FBD6B809-EAE1-4E25-9E2F-6100514D9F5A}
		{22ABBF39-85DA-44AD-8AA7-A5A4D41C7A92} = {8FD990BE-3E8F-440C-B854-526CCD815652}
		{18CEDBE5-EFA1-4FBC-9863-20204FFBB00B} = {E2971EF9-BF9E-4C14-ABAD-E3FAF8BC0F73}
		{4BA1EAE1-42A4-4FA1-B5DC-6E1F0C3DE5CF} = {FBD6B809-EAE1-4E25-9E2F-6100514D9F5A}
		{43E353C8-23F3-430E-BDF4-26F9AD334CAC} = {4BA1EAE1-42A4-4FA1-B5DC-6E1F0C3DE5CF}
		{8EBEFBFA-4BE6-4C21-8AF5-CA4A7D677F06} = {FBD6B809-EAE1-4E25-9E2F-6100514D9F5A}
		{401BE961-636D-4057-9ED5-5D5AD67B95FB} = {8EBEFBFA-4BE6-4C21-8AF5-CA4A7D677F06}
		{84D804E9-9913-4E5E-A111-9C65EC4539BF} = {FBD6B809-EAE1-4E25-9E2F-6100514D9F5A}
		{E8541FDC-85FB-4ED9-BBD3-3337DEB41EFE} = {84D804E9-9913-4E5E-A111-9C65EC4539BF}
		{12AE97A7-C63D-49E7-BA87-D0C145C93394} = {FBD6B809-EAE1-4E25-9E2F-6100514D9F5A}
		{1602CCC5-E446-46B7-B26B-E93130F49D8D} = {84D804E9-9913-4E5E-A111-9C65EC4539BF}
		{D054B18F-F962-4936-8476-02C57B33807E} = {84D804E9-9913-4E5E-A111-9C65EC4539BF}
		{18C76DCF-84D6-484E-BB5D-2E917644102F} = {84D804E9-9913-4E5E-A111-9C65EC4539BF}
	EndGlobalSection
	GlobalSection(ExtensibilityGlobals) = postSolution
		SolutionGuid = {7322E3E6-D1BC-4D9C-9C76-1C92EC424833}
	EndGlobalSection
EndGlobal
